// !$*UTF8*$!
{
	archiveVersion = 1;
	classes = {
	};
	objectVersion = 51;
	objects = {

/* Begin PBXBuildFile section */
		25DDFD9042A6BFEB84ED1165 /* Pods_TickleThePig2_0.framework in Frameworks */ = {isa = PBXBuildFile; fileRef = 30B672E989F7B7E84BA2362E /* Pods_TickleThePig2_0.framework */; };
		DA31111423A41CD4005C13A3 /* TickleGestureRecognizer.swift in Sources */ = {isa = PBXBuildFile; fileRef = DA31111323A41CD4005C13A3 /* TickleGestureRecognizer.swift */; };
		DA691B7C23444DFF0031BA5E /* Constants.swift in Sources */ = {isa = PBXBuildFile; fileRef = DA691B7B23444DFF0031BA5E /* Constants.swift */; };
		DA691B84234C08BE0031BA5E /* LeaderboardViewController.swift in Sources */ = {isa = PBXBuildFile; fileRef = DA691B83234C08BE0031BA5E /* LeaderboardViewController.swift */; };
		DA691B88234C2FE90031BA5E /* LeaderboardCell.swift in Sources */ = {isa = PBXBuildFile; fileRef = DA691B87234C2FE90031BA5E /* LeaderboardCell.swift */; };
		DA7D94F423BB099D009A4935 /* SettingsViewController.swift in Sources */ = {isa = PBXBuildFile; fileRef = DA7D94F323BB099D009A4935 /* SettingsViewController.swift */; };
		DA7D94F823BB0CB3009A4935 /* SettingsCell.swift in Sources */ = {isa = PBXBuildFile; fileRef = DA7D94F523BB09D1009A4935 /* SettingsCell.swift */; };
		DA7D94F923BB0CB7009A4935 /* UserInfoHeader.swift in Sources */ = {isa = PBXBuildFile; fileRef = DA7D94F623BB09D1009A4935 /* UserInfoHeader.swift */; };
		DA7D950223BC0675009A4935 /* SettingsSection.swift in Sources */ = {isa = PBXBuildFile; fileRef = DA7D950123BC0675009A4935 /* SettingsSection.swift */; };
		DAA1B6962344133100088C70 /* SignupViewController.swift in Sources */ = {isa = PBXBuildFile; fileRef = DAA1B6952344133100088C70 /* SignupViewController.swift */; };
		DAA1B6982344134700088C70 /* LoginViewController.swift in Sources */ = {isa = PBXBuildFile; fileRef = DAA1B6972344134700088C70 /* LoginViewController.swift */; };
		DAA1B69A2344135600088C70 /* HomeViewController.swift in Sources */ = {isa = PBXBuildFile; fileRef = DAA1B6992344135600088C70 /* HomeViewController.swift */; };
		DAD719C023B1285E006D0190 /* SupportFiles in Resources */ = {isa = PBXBuildFile; fileRef = DAEF6B5B20A6940700E1464E /* SupportFiles */; };
		DAE68419234427E1007832FC /* GoogleService-Info.plist in Resources */ = {isa = PBXBuildFile; fileRef = DAE68418234427E1007832FC /* GoogleService-Info.plist */; };
		DAEF6B4420A660E700E1464E /* AppDelegate.swift in Sources */ = {isa = PBXBuildFile; fileRef = DAEF6B4320A660E700E1464E /* AppDelegate.swift */; };
		DAEF6B4620A660E700E1464E /* ViewController.swift in Sources */ = {isa = PBXBuildFile; fileRef = DAEF6B4520A660E700E1464E /* ViewController.swift */; };
		DAEF6B4920A660E700E1464E /* Main.storyboard in Resources */ = {isa = PBXBuildFile; fileRef = DAEF6B4720A660E700E1464E /* Main.storyboard */; };
		DAEF6B4B20A660E800E1464E /* Assets.xcassets in Resources */ = {isa = PBXBuildFile; fileRef = DAEF6B4A20A660E800E1464E /* Assets.xcassets */; };
		DAEF6B4E20A660E800E1464E /* LaunchScreen.storyboard in Resources */ = {isa = PBXBuildFile; fileRef = DAEF6B4C20A660E800E1464E /* LaunchScreen.storyboard */; };
		DAF49993235A98CE004FC0FC /* Swift+Gif.swift in Sources */ = {isa = PBXBuildFile; fileRef = DAF49992235A98CE004FC0FC /* Swift+Gif.swift */; };
/* End PBXBuildFile section */

/* Begin PBXFileReference section */
		30B672E989F7B7E84BA2362E /* Pods_TickleThePig2_0.framework */ = {isa = PBXFileReference; explicitFileType = wrapper.framework; includeInIndex = 0; path = Pods_TickleThePig2_0.framework; sourceTree = BUILT_PRODUCTS_DIR; };
		52140ED5C2CFAA28B933DFF3 /* Pods-TickleThePig2.0.debug.xcconfig */ = {isa = PBXFileReference; includeInIndex = 1; lastKnownFileType = text.xcconfig; name = "Pods-TickleThePig2.0.debug.xcconfig"; path = "Target Support Files/Pods-TickleThePig2.0/Pods-TickleThePig2.0.debug.xcconfig"; sourceTree = "<group>"; };
		D7944FA465104CA4DD1E97C9 /* Pods-TickleThePig2.0.release.xcconfig */ = {isa = PBXFileReference; includeInIndex = 1; lastKnownFileType = text.xcconfig; name = "Pods-TickleThePig2.0.release.xcconfig"; path = "Target Support Files/Pods-TickleThePig2.0/Pods-TickleThePig2.0.release.xcconfig"; sourceTree = "<group>"; };
		DA31111323A41CD4005C13A3 /* TickleGestureRecognizer.swift */ = {isa = PBXFileReference; lastKnownFileType = sourcecode.swift; path = TickleGestureRecognizer.swift; sourceTree = "<group>"; };
		DA691B7B23444DFF0031BA5E /* Constants.swift */ = {isa = PBXFileReference; lastKnownFileType = sourcecode.swift; path = Constants.swift; sourceTree = "<group>"; };
		DA691B83234C08BE0031BA5E /* LeaderboardViewController.swift */ = {isa = PBXFileReference; lastKnownFileType = sourcecode.swift; path = LeaderboardViewController.swift; sourceTree = "<group>"; };
		DA691B87234C2FE90031BA5E /* LeaderboardCell.swift */ = {isa = PBXFileReference; lastKnownFileType = sourcecode.swift; name = LeaderboardCell.swift; path = ../LeaderboardCell.swift; sourceTree = "<group>"; };
		DA7D94F323BB099D009A4935 /* SettingsViewController.swift */ = {isa = PBXFileReference; fileEncoding = 4; lastKnownFileType = sourcecode.swift; path = SettingsViewController.swift; sourceTree = "<group>"; };
		DA7D94F523BB09D1009A4935 /* SettingsCell.swift */ = {isa = PBXFileReference; lastKnownFileType = sourcecode.swift; path = SettingsCell.swift; sourceTree = "<group>"; };
		DA7D94F623BB09D1009A4935 /* UserInfoHeader.swift */ = {isa = PBXFileReference; lastKnownFileType = sourcecode.swift; path = UserInfoHeader.swift; sourceTree = "<group>"; };
		DA7D94FA23BB0E73009A4935 /* TickleThePig2.0-Bridging-Header.h */ = {isa = PBXFileReference; lastKnownFileType = sourcecode.c.h; path = "TickleThePig2.0-Bridging-Header.h"; sourceTree = "<group>"; };
		DA7D950123BC0675009A4935 /* SettingsSection.swift */ = {isa = PBXFileReference; lastKnownFileType = sourcecode.swift; path = SettingsSection.swift; sourceTree = "<group>"; };
		DAA1B6952344133100088C70 /* SignupViewController.swift */ = {isa = PBXFileReference; lastKnownFileType = sourcecode.swift; path = SignupViewController.swift; sourceTree = "<group>"; };
		DAA1B6972344134700088C70 /* LoginViewController.swift */ = {isa = PBXFileReference; lastKnownFileType = sourcecode.swift; path = LoginViewController.swift; sourceTree = "<group>"; };
		DAA1B6992344135600088C70 /* HomeViewController.swift */ = {isa = PBXFileReference; lastKnownFileType = sourcecode.swift; path = HomeViewController.swift; sourceTree = "<group>"; };
		DAE68418234427E1007832FC /* GoogleService-Info.plist */ = {isa = PBXFileReference; fileEncoding = 4; lastKnownFileType = text.plist.xml; path = "GoogleService-Info.plist"; sourceTree = "<group>"; };
		DAEF6B4020A660E700E1464E /* TickleThePig2.0.app */ = {isa = PBXFileReference; explicitFileType = wrapper.application; includeInIndex = 0; path = TickleThePig2.0.app; sourceTree = BUILT_PRODUCTS_DIR; };
		DAEF6B4320A660E700E1464E /* AppDelegate.swift */ = {isa = PBXFileReference; lastKnownFileType = sourcecode.swift; path = AppDelegate.swift; sourceTree = "<group>"; };
		DAEF6B4520A660E700E1464E /* ViewController.swift */ = {isa = PBXFileReference; lastKnownFileType = sourcecode.swift; path = ViewController.swift; sourceTree = "<group>"; };
		DAEF6B4820A660E700E1464E /* Base */ = {isa = PBXFileReference; lastKnownFileType = file.storyboard; name = Base; path = Base.lproj/Main.storyboard; sourceTree = "<group>"; };
		DAEF6B4A20A660E800E1464E /* Assets.xcassets */ = {isa = PBXFileReference; lastKnownFileType = folder.assetcatalog; path = Assets.xcassets; sourceTree = "<group>"; };
		DAEF6B4D20A660E800E1464E /* Base */ = {isa = PBXFileReference; lastKnownFileType = file.storyboard; name = Base; path = Base.lproj/LaunchScreen.storyboard; sourceTree = "<group>"; };
		DAEF6B4F20A660E800E1464E /* Info.plist */ = {isa = PBXFileReference; lastKnownFileType = text.plist.xml; path = Info.plist; sourceTree = "<group>"; };
		DAEF6B5B20A6940700E1464E /* SupportFiles */ = {isa = PBXFileReference; lastKnownFileType = folder; path = SupportFiles; sourceTree = "<group>"; };
		DAF49992235A98CE004FC0FC /* Swift+Gif.swift */ = {isa = PBXFileReference; lastKnownFileType = sourcecode.swift; path = "Swift+Gif.swift"; sourceTree = "<group>"; };
/* End PBXFileReference section */

/* Begin PBXFrameworksBuildPhase section */
		DAEF6B3D20A660E700E1464E /* Frameworks */ = {
			isa = PBXFrameworksBuildPhase;
			buildActionMask = 2147483647;
			files = (
				25DDFD9042A6BFEB84ED1165 /* Pods_TickleThePig2_0.framework in Frameworks */,
			);
			runOnlyForDeploymentPostprocessing = 0;
		};
/* End PBXFrameworksBuildPhase section */

/* Begin PBXGroup section */
		4A256922CDCD49597A76FD68 /* Frameworks */ = {
			isa = PBXGroup;
			children = (
				30B672E989F7B7E84BA2362E /* Pods_TickleThePig2_0.framework */,
			);
			name = Frameworks;
			sourceTree = "<group>";
		};
		8B75A34E68D0474F72511E90 /* Pods */ = {
			isa = PBXGroup;
			children = (
				52140ED5C2CFAA28B933DFF3 /* Pods-TickleThePig2.0.debug.xcconfig */,
				D7944FA465104CA4DD1E97C9 /* Pods-TickleThePig2.0.release.xcconfig */,
			);
			path = Pods;
			sourceTree = "<group>";
		};
		DA691B7A23444DED0031BA5E /* Helpers */ = {
			isa = PBXGroup;
			children = (
				DA31111323A41CD4005C13A3 /* TickleGestureRecognizer.swift */,
				DAF49992235A98CE004FC0FC /* Swift+Gif.swift */,
				DA691B7B23444DFF0031BA5E /* Constants.swift */,
			);
			path = Helpers;
			sourceTree = "<group>";
		};
		DA7D94F723BB09D1009A4935 /* View */ = {
			isa = PBXGroup;
			children = (
				DA691B87234C2FE90031BA5E /* LeaderboardCell.swift */,
				DA7D94F523BB09D1009A4935 /* SettingsCell.swift */,
				DA7D94F623BB09D1009A4935 /* UserInfoHeader.swift */,
			);
			name = View;
			path = /Users/broeking/projects/ticklethepig/TickleThePig2.0/View;
			sourceTree = "<absolute>";
		};
		DA7D950023BC05DD009A4935 /* Model */ = {
			isa = PBXGroup;
			children = (
				DA7D950123BC0675009A4935 /* SettingsSection.swift */,
			);
			path = Model;
			sourceTree = "<group>";
		};
		DAA1B69B2344135B00088C70 /* Controllers */ = {
			isa = PBXGroup;
			children = (
				DA7D94F323BB099D009A4935 /* SettingsViewController.swift */,
				DAA1B6952344133100088C70 /* SignupViewController.swift */,
				DAEF6B4520A660E700E1464E /* ViewController.swift */,
				DAA1B6972344134700088C70 /* LoginViewController.swift */,
				DAA1B6992344135600088C70 /* HomeViewController.swift */,
				DA691B83234C08BE0031BA5E /* LeaderboardViewController.swift */,
			);
			path = Controllers;
			sourceTree = "<group>";
		};
		DAEF6B3720A660E700E1464E = {
			isa = PBXGroup;
			children = (
				DA691B7A23444DED0031BA5E /* Helpers */,
				DAEF6B4220A660E700E1464E /* TickleThePig2.0 */,
				DAEF6B4120A660E700E1464E /* Products */,
				8B75A34E68D0474F72511E90 /* Pods */,
				4A256922CDCD49597A76FD68 /* Frameworks */,
			);
			sourceTree = "<group>";
		};
		DAEF6B4120A660E700E1464E /* Products */ = {
			isa = PBXGroup;
			children = (
				DAEF6B4020A660E700E1464E /* TickleThePig2.0.app */,
			);
			name = Products;
			sourceTree = "<group>";
		};
		DAEF6B4220A660E700E1464E /* TickleThePig2.0 */ = {
			isa = PBXGroup;
			children = (
				DA7D950023BC05DD009A4935 /* Model */,
				DA7D94F723BB09D1009A4935 /* View */,
				DAA1B69B2344135B00088C70 /* Controllers */,
				DAEF6B5B20A6940700E1464E /* SupportFiles */,
				DAEF6B4320A660E700E1464E /* AppDelegate.swift */,
				DAEF6B4720A660E700E1464E /* Main.storyboard */,
				DAEF6B4A20A660E800E1464E /* Assets.xcassets */,
				DAEF6B4C20A660E800E1464E /* LaunchScreen.storyboard */,
				DAE68418234427E1007832FC /* GoogleService-Info.plist */,
				DAEF6B4F20A660E800E1464E /* Info.plist */,
				DA7D94FA23BB0E73009A4935 /* TickleThePig2.0-Bridging-Header.h */,
			);
			path = TickleThePig2.0;
			sourceTree = "<group>";
		};
/* End PBXGroup section */

/* Begin PBXNativeTarget section */
		DAEF6B3F20A660E700E1464E /* TickleThePig2.0 */ = {
			isa = PBXNativeTarget;
			buildConfigurationList = DAEF6B5220A660E800E1464E /* Build configuration list for PBXNativeTarget "TickleThePig2.0" */;
			buildPhases = (
				4EC01B6066303C4806045470 /* [CP] Check Pods Manifest.lock */,
				DAEF6B3C20A660E700E1464E /* Sources */,
				DAEF6B3D20A660E700E1464E /* Frameworks */,
				DAEF6B3E20A660E700E1464E /* Resources */,
				85C1111C97CDC5EA05E4084F /* [CP] Embed Pods Frameworks */,
				F6600E5814C2F5F7DF6CDCBA /* [CP] Copy Pods Resources */,
			);
			buildRules = (
			);
			dependencies = (
			);
			name = TickleThePig2.0;
			productName = TickleThePig2.0;
			productReference = DAEF6B4020A660E700E1464E /* TickleThePig2.0.app */;
			productType = "com.apple.product-type.application";
		};
/* End PBXNativeTarget section */

/* Begin PBXProject section */
		DAEF6B3820A660E700E1464E /* Project object */ = {
			isa = PBXProject;
			attributes = {
				LastSwiftUpdateCheck = 0930;
				LastUpgradeCheck = 0930;
				ORGANIZATIONNAME = "Brian Broeking";
				TargetAttributes = {
					DAEF6B3F20A660E700E1464E = {
						CreatedOnToolsVersion = 9.3;
						LastSwiftMigration = 1110;
					};
				};
			};
			buildConfigurationList = DAEF6B3B20A660E700E1464E /* Build configuration list for PBXProject "TickleThePig2.0" */;
			compatibilityVersion = "Xcode 9.3";
			developmentRegion = en;
			hasScannedForEncodings = 0;
			knownRegions = (
				en,
				Base,
			);
			mainGroup = DAEF6B3720A660E700E1464E;
			productRefGroup = DAEF6B4120A660E700E1464E /* Products */;
			projectDirPath = "";
			projectRoot = "";
			targets = (
				DAEF6B3F20A660E700E1464E /* TickleThePig2.0 */,
			);
		};
/* End PBXProject section */

/* Begin PBXResourcesBuildPhase section */
		DAEF6B3E20A660E700E1464E /* Resources */ = {
			isa = PBXResourcesBuildPhase;
			buildActionMask = 2147483647;
			files = (
				DAD719C023B1285E006D0190 /* SupportFiles in Resources */,
				DAEF6B4E20A660E800E1464E /* LaunchScreen.storyboard in Resources */,
				DAEF6B4B20A660E800E1464E /* Assets.xcassets in Resources */,
				DAEF6B4920A660E700E1464E /* Main.storyboard in Resources */,
				DAE68419234427E1007832FC /* GoogleService-Info.plist in Resources */,
			);
			runOnlyForDeploymentPostprocessing = 0;
		};
/* End PBXResourcesBuildPhase section */

/* Begin PBXShellScriptBuildPhase section */
		4EC01B6066303C4806045470 /* [CP] Check Pods Manifest.lock */ = {
			isa = PBXShellScriptBuildPhase;
			buildActionMask = 2147483647;
			files = (
			);
			inputFileListPaths = (
			);
			inputPaths = (
				"${PODS_PODFILE_DIR_PATH}/Podfile.lock",
				"${PODS_ROOT}/Manifest.lock",
			);
			name = "[CP] Check Pods Manifest.lock";
			outputFileListPaths = (
			);
			outputPaths = (
				"$(DERIVED_FILE_DIR)/Pods-TickleThePig2.0-checkManifestLockResult.txt",
			);
			runOnlyForDeploymentPostprocessing = 0;
			shellPath = /bin/sh;
			shellScript = "diff \"${PODS_PODFILE_DIR_PATH}/Podfile.lock\" \"${PODS_ROOT}/Manifest.lock\" > /dev/null\nif [ $? != 0 ] ; then\n    # print error to STDERR\n    echo \"error: The sandbox is not in sync with the Podfile.lock. Run 'pod install' or update your CocoaPods installation.\" >&2\n    exit 1\nfi\n# This output is used by Xcode 'outputs' to avoid re-running this script phase.\necho \"SUCCESS\" > \"${SCRIPT_OUTPUT_FILE_0}\"\n";
			showEnvVarsInLog = 0;
		};
		85C1111C97CDC5EA05E4084F /* [CP] Embed Pods Frameworks */ = {
			isa = PBXShellScriptBuildPhase;
			buildActionMask = 2147483647;
			files = (
			);
			inputFileListPaths = (
				"${PODS_ROOT}/Target Support Files/Pods-TickleThePig2.0/Pods-TickleThePig2.0-frameworks-${CONFIGURATION}-input-files.xcfilelist",
			);
			name = "[CP] Embed Pods Frameworks";
			outputFileListPaths = (
				"${PODS_ROOT}/Target Support Files/Pods-TickleThePig2.0/Pods-TickleThePig2.0-frameworks-${CONFIGURATION}-output-files.xcfilelist",
			);
			runOnlyForDeploymentPostprocessing = 0;
			shellPath = /bin/sh;
			shellScript = "\"${PODS_ROOT}/Target Support Files/Pods-TickleThePig2.0/Pods-TickleThePig2.0-frameworks.sh\"\n";
			showEnvVarsInLog = 0;
		};
		F6600E5814C2F5F7DF6CDCBA /* [CP] Copy Pods Resources */ = {
			isa = PBXShellScriptBuildPhase;
			buildActionMask = 2147483647;
			files = (
			);
			inputFileListPaths = (
				"${PODS_ROOT}/Target Support Files/Pods-TickleThePig2.0/Pods-TickleThePig2.0-resources-${CONFIGURATION}-input-files.xcfilelist",
			);
			name = "[CP] Copy Pods Resources";
			outputFileListPaths = (
				"${PODS_ROOT}/Target Support Files/Pods-TickleThePig2.0/Pods-TickleThePig2.0-resources-${CONFIGURATION}-output-files.xcfilelist",
			);
			runOnlyForDeploymentPostprocessing = 0;
			shellPath = /bin/sh;
			shellScript = "\"${PODS_ROOT}/Target Support Files/Pods-TickleThePig2.0/Pods-TickleThePig2.0-resources.sh\"\n";
			showEnvVarsInLog = 0;
		};
/* End PBXShellScriptBuildPhase section */

/* Begin PBXSourcesBuildPhase section */
		DAEF6B3C20A660E700E1464E /* Sources */ = {
			isa = PBXSourcesBuildPhase;
			buildActionMask = 2147483647;
			files = (
				DA7D950223BC0675009A4935 /* SettingsSection.swift in Sources */,
				DA691B84234C08BE0031BA5E /* LeaderboardViewController.swift in Sources */,
				DAA1B69A2344135600088C70 /* HomeViewController.swift in Sources */,
				DA7D94F823BB0CB3009A4935 /* SettingsCell.swift in Sources */,
				DAA1B6982344134700088C70 /* LoginViewController.swift in Sources */,
				DAA1B6962344133100088C70 /* SignupViewController.swift in Sources */,
				DA7D94F423BB099D009A4935 /* SettingsViewController.swift in Sources */,
				DAF49993235A98CE004FC0FC /* Swift+Gif.swift in Sources */,
				DAEF6B4620A660E700E1464E /* ViewController.swift in Sources */,
				DA691B88234C2FE90031BA5E /* LeaderboardCell.swift in Sources */,
				DA31111423A41CD4005C13A3 /* TickleGestureRecognizer.swift in Sources */,
				DA7D94F923BB0CB7009A4935 /* UserInfoHeader.swift in Sources */,
				DAEF6B4420A660E700E1464E /* AppDelegate.swift in Sources */,
				DA691B7C23444DFF0031BA5E /* Constants.swift in Sources */,
			);
			runOnlyForDeploymentPostprocessing = 0;
		};
/* End PBXSourcesBuildPhase section */

/* Begin PBXVariantGroup section */
		DAEF6B4720A660E700E1464E /* Main.storyboard */ = {
			isa = PBXVariantGroup;
			children = (
				DAEF6B4820A660E700E1464E /* Base */,
			);
			name = Main.storyboard;
			sourceTree = "<group>";
		};
		DAEF6B4C20A660E800E1464E /* LaunchScreen.storyboard */ = {
			isa = PBXVariantGroup;
			children = (
				DAEF6B4D20A660E800E1464E /* Base */,
			);
			name = LaunchScreen.storyboard;
			sourceTree = "<group>";
		};
/* End PBXVariantGroup section */

/* Begin XCBuildConfiguration section */
		DAEF6B5020A660E800E1464E /* Debug */ = {
			isa = XCBuildConfiguration;
			buildSettings = {
				ALWAYS_SEARCH_USER_PATHS = NO;
				CLANG_ANALYZER_NONNULL = YES;
				CLANG_ANALYZER_NUMBER_OBJECT_CONVERSION = YES_AGGRESSIVE;
				CLANG_CXX_LANGUAGE_STANDARD = "gnu++14";
				CLANG_CXX_LIBRARY = "libc++";
				CLANG_ENABLE_MODULES = YES;
				CLANG_ENABLE_OBJC_ARC = YES;
				CLANG_ENABLE_OBJC_WEAK = YES;
				CLANG_WARN_BLOCK_CAPTURE_AUTORELEASING = YES;
				CLANG_WARN_BOOL_CONVERSION = YES;
				CLANG_WARN_COMMA = YES;
				CLANG_WARN_CONSTANT_CONVERSION = YES;
				CLANG_WARN_DEPRECATED_OBJC_IMPLEMENTATIONS = YES;
				CLANG_WARN_DIRECT_OBJC_ISA_USAGE = YES_ERROR;
				CLANG_WARN_DOCUMENTATION_COMMENTS = YES;
				CLANG_WARN_EMPTY_BODY = YES;
				CLANG_WARN_ENUM_CONVERSION = YES;
				CLANG_WARN_INFINITE_RECURSION = YES;
				CLANG_WARN_INT_CONVERSION = YES;
				CLANG_WARN_NON_LITERAL_NULL_CONVERSION = YES;
				CLANG_WARN_OBJC_IMPLICIT_RETAIN_SELF = YES;
				CLANG_WARN_OBJC_LITERAL_CONVERSION = YES;
				CLANG_WARN_OBJC_ROOT_CLASS = YES_ERROR;
				CLANG_WARN_RANGE_LOOP_ANALYSIS = YES;
				CLANG_WARN_STRICT_PROTOTYPES = YES;
				CLANG_WARN_SUSPICIOUS_MOVE = YES;
				CLANG_WARN_UNGUARDED_AVAILABILITY = YES_AGGRESSIVE;
				CLANG_WARN_UNREACHABLE_CODE = YES;
				CLANG_WARN__DUPLICATE_METHOD_MATCH = YES;
				CODE_SIGN_IDENTITY = "iPhone Developer";
				COPY_PHASE_STRIP = NO;
				DEBUG_INFORMATION_FORMAT = dwarf;
				ENABLE_STRICT_OBJC_MSGSEND = YES;
				ENABLE_TESTABILITY = YES;
				GCC_C_LANGUAGE_STANDARD = gnu11;
				GCC_DYNAMIC_NO_PIC = NO;
				GCC_NO_COMMON_BLOCKS = YES;
				GCC_OPTIMIZATION_LEVEL = 0;
				GCC_PREPROCESSOR_DEFINITIONS = (
					"DEBUG=1",
					"$(inherited)",
				);
				GCC_WARN_64_TO_32_BIT_CONVERSION = YES;
				GCC_WARN_ABOUT_RETURN_TYPE = YES_ERROR;
				GCC_WARN_UNDECLARED_SELECTOR = YES;
				GCC_WARN_UNINITIALIZED_AUTOS = YES_AGGRESSIVE;
				GCC_WARN_UNUSED_FUNCTION = YES;
				GCC_WARN_UNUSED_VARIABLE = YES;
				IPHONEOS_DEPLOYMENT_TARGET = 11.3;
				MTL_ENABLE_DEBUG_INFO = YES;
				ONLY_ACTIVE_ARCH = YES;
				SDKROOT = iphoneos;
				SWIFT_ACTIVE_COMPILATION_CONDITIONS = DEBUG;
				SWIFT_OPTIMIZATION_LEVEL = "-Onone";
			};
			name = Debug;
		};
		DAEF6B5120A660E800E1464E /* Release */ = {
			isa = XCBuildConfiguration;
			buildSettings = {
				ALWAYS_SEARCH_USER_PATHS = NO;
				CLANG_ANALYZER_NONNULL = YES;
				CLANG_ANALYZER_NUMBER_OBJECT_CONVERSION = YES_AGGRESSIVE;
				CLANG_CXX_LANGUAGE_STANDARD = "gnu++14";
				CLANG_CXX_LIBRARY = "libc++";
				CLANG_ENABLE_MODULES = YES;
				CLANG_ENABLE_OBJC_ARC = YES;
				CLANG_ENABLE_OBJC_WEAK = YES;
				CLANG_WARN_BLOCK_CAPTURE_AUTORELEASING = YES;
				CLANG_WARN_BOOL_CONVERSION = YES;
				CLANG_WARN_COMMA = YES;
				CLANG_WARN_CONSTANT_CONVERSION = YES;
				CLANG_WARN_DEPRECATED_OBJC_IMPLEMENTATIONS = YES;
				CLANG_WARN_DIRECT_OBJC_ISA_USAGE = YES_ERROR;
				CLANG_WARN_DOCUMENTATION_COMMENTS = YES;
				CLANG_WARN_EMPTY_BODY = YES;
				CLANG_WARN_ENUM_CONVERSION = YES;
				CLANG_WARN_INFINITE_RECURSION = YES;
				CLANG_WARN_INT_CONVERSION = YES;
				CLANG_WARN_NON_LITERAL_NULL_CONVERSION = YES;
				CLANG_WARN_OBJC_IMPLICIT_RETAIN_SELF = YES;
				CLANG_WARN_OBJC_LITERAL_CONVERSION = YES;
				CLANG_WARN_OBJC_ROOT_CLASS = YES_ERROR;
				CLANG_WARN_RANGE_LOOP_ANALYSIS = YES;
				CLANG_WARN_STRICT_PROTOTYPES = YES;
				CLANG_WARN_SUSPICIOUS_MOVE = YES;
				CLANG_WARN_UNGUARDED_AVAILABILITY = YES_AGGRESSIVE;
				CLANG_WARN_UNREACHABLE_CODE = YES;
				CLANG_WARN__DUPLICATE_METHOD_MATCH = YES;
				CODE_SIGN_IDENTITY = "iPhone Developer";
				COPY_PHASE_STRIP = NO;
				DEBUG_INFORMATION_FORMAT = "dwarf-with-dsym";
				ENABLE_NS_ASSERTIONS = NO;
				ENABLE_STRICT_OBJC_MSGSEND = YES;
				GCC_C_LANGUAGE_STANDARD = gnu11;
				GCC_NO_COMMON_BLOCKS = YES;
				GCC_WARN_64_TO_32_BIT_CONVERSION = YES;
				GCC_WARN_ABOUT_RETURN_TYPE = YES_ERROR;
				GCC_WARN_UNDECLARED_SELECTOR = YES;
				GCC_WARN_UNINITIALIZED_AUTOS = YES_AGGRESSIVE;
				GCC_WARN_UNUSED_FUNCTION = YES;
				GCC_WARN_UNUSED_VARIABLE = YES;
				IPHONEOS_DEPLOYMENT_TARGET = 11.3;
				MTL_ENABLE_DEBUG_INFO = NO;
				SDKROOT = iphoneos;
				SWIFT_COMPILATION_MODE = wholemodule;
				SWIFT_OPTIMIZATION_LEVEL = "-O";
				VALIDATE_PRODUCT = YES;
			};
			name = Release;
		};
		DAEF6B5320A660E800E1464E /* Debug */ = {
			isa = XCBuildConfiguration;
			baseConfigurationReference = 52140ED5C2CFAA28B933DFF3 /* Pods-TickleThePig2.0.debug.xcconfig */;
			buildSettings = {
				ASSETCATALOG_COMPILER_APPICON_NAME = AppIcon;
				CLANG_ENABLE_MODULES = YES;
				CODE_SIGN_STYLE = Automatic;
				CURRENT_PROJECT_VERSION = 1;
				DEVELOPMENT_TEAM = 6G4LKUVSLV;
				INFOPLIST_FILE = TickleThePig2.0/Info.plist;
				LD_RUNPATH_SEARCH_PATHS = (
					"$(inherited)",
					"@executable_path/Frameworks",
				);
				MARKETING_VERSION = 1.1;
				PRODUCT_BUNDLE_IDENTIFIER = "broekingIndustries.TickleThePig2-0";
				PRODUCT_NAME = "$(TARGET_NAME)";
				SWIFT_OBJC_BRIDGING_HEADER = "TickleThePig2.0/TickleThePig2.0-Bridging-Header.h";
				SWIFT_OPTIMIZATION_LEVEL = "-Onone";
				SWIFT_VERSION = 5.0;
				TARGETED_DEVICE_FAMILY = "1,2";
			};
			name = Debug;
		};
		DAEF6B5420A660E800E1464E /* Release */ = {
			isa = XCBuildConfiguration;
			baseConfigurationReference = D7944FA465104CA4DD1E97C9 /* Pods-TickleThePig2.0.release.xcconfig */;
			buildSettings = {
				ASSETCATALOG_COMPILER_APPICON_NAME = AppIcon;
				CLANG_ENABLE_MODULES = YES;
				CODE_SIGN_STYLE = Automatic;
				CURRENT_PROJECT_VERSION = 1;
				DEVELOPMENT_TEAM = 6G4LKUVSLV;
				INFOPLIST_FILE = TickleThePig2.0/Info.plist;
				LD_RUNPATH_SEARCH_PATHS = (
					"$(inherited)",
					"@executable_path/Frameworks",
				);
				MARKETING_VERSION = 1.1;
				PRODUCT_BUNDLE_IDENTIFIER = "broekingIndustries.TickleThePig2-0";
				PRODUCT_NAME = "$(TARGET_NAME)";
				SWIFT_OBJC_BRIDGING_HEADER = "TickleThePig2.0/TickleThePig2.0-Bridging-Header.h";
				SWIFT_VERSION = 5.0;
				TARGETED_DEVICE_FAMILY = "1,2";
			};
			name = Release;
		};
/* End XCBuildConfiguration section */

/* Begin XCConfigurationList section */
		DAEF6B3B20A660E700E1464E /* Build configuration list for PBXProject "TickleThePig2.0" */ = {
			isa = XCConfigurationList;
			buildConfigurations = (
				DAEF6B5020A660E800E1464E /* Debug */,
				DAEF6B5120A660E800E1464E /* Release */,
			);
			defaultConfigurationIsVisible = 0;
			defaultConfigurationName = Release;
		};
		DAEF6B5220A660E800E1464E /* Build configuration list for PBXNativeTarget "TickleThePig2.0" */ = {
			isa = XCConfigurationList;
			buildConfigurations = (
				DAEF6B5320A660E800E1464E /* Debug */,
				DAEF6B5420A660E800E1464E /* Release */,
			);
			defaultConfigurationIsVisible = 0;
			defaultConfigurationName = Release;
		};
/* End XCConfigurationList section */
	};
	rootObject = DAEF6B3820A660E700E1464E /* Project object */;
}
